
Microsoft Visual Studio Solution File, Format Version 12.00
# Visual Studio 2013
Project("{FAE04EC0-301F-11D3-BF4B-00C04F79EFBC}") = "UnityVS.MathTrial.CSharp", "UnityVS.MathTrial.CSharp.csproj", "{1EDAED50-DF13-F6C5-CAAE-A1D2614559DD}"
EndProject
Project("{FAE04EC0-301F-11D3-BF4B-00C04F79EFBC}") = "UnityVS.MathTrial.CSharp.Editor", "UnityVS.MathTrial.CSharp.Editor.csproj", "{45025CAE-F948-7C46-FD98-071EE319A07B}"
EndProject
Global
	GlobalSection(SolutionConfigurationPlatforms) = preSolution
		Debug|Any CPU = Debug|Any CPU
		Release|Any CPU = Release|Any CPU
	EndGlobalSection
	GlobalSection(ProjectConfigurationPlatforms) = postSolution
		{1EDAED50-DF13-F6C5-CAAE-A1D2614559DD}.Debug|Any CPU.ActiveCfg = Debug|Any CPU
		{1EDAED50-DF13-F6C5-CAAE-A1D2614559DD}.Debug|Any CPU.Build.0 = Debug|Any CPU
		{1EDAED50-DF13-F6C5-CAAE-A1D2614559DD}.Release|Any CPU.ActiveCfg = Release|Any CPU
		{1EDAED50-DF13-F6C5-CAAE-A1D2614559DD}.Release|Any CPU.Build.0 = Release|Any CPU
		{45025CAE-F948-7C46-FD98-071EE319A07B}.Debug|Any CPU.ActiveCfg = Debug|Any CPU
		{45025CAE-F948-7C46-FD98-071EE319A07B}.Debug|Any CPU.Build.0 = Debug|Any CPU
		{45025CAE-F948-7C46-FD98-071EE319A07B}.Release|Any CPU.ActiveCfg = Release|Any CPU
		{45025CAE-F948-7C46-FD98-071EE319A07B}.Release|Any CPU.Build.0 = Release|Any CPU
	EndGlobalSection
	GlobalSection(SolutionProperties) = preSolution
		HideSolutionNode = FALSE
	EndGlobalSection
EndGlobal
